
Microsoft Visual Studio Solution File, Format Version 12.00
# Visual Studio Version 16
VisualStudioVersion = 16.0.29020.237
MinimumVisualStudioVersion = 10.0.40219.1
Project("{FAE04EC0-301F-11D3-BF4B-00C04F79EFBC}") = "Afonsoft.Amadeus", "Afonsoft.Amadeus\Afonsoft.Amadeus.csproj", "{2E3A2545-8AC7-4FDD-B88C-CAAA9CF531CA}"
EndProject
Project("{FAE04EC0-301F-11D3-BF4B-00C04F79EFBC}") = "AmadeusTest", "AmadeusTest\AmadeusTest.csproj", "{89394DF1-8EFF-44BD-AD52-D539D96A090F}"
EndProject
Global
	GlobalSection(SolutionConfigurationPlatforms) = preSolution
		Debug|Any CPU = Debug|Any CPU
		Release|Any CPU = Release|Any CPU
	EndGlobalSection
	GlobalSection(ProjectConfigurationPlatforms) = postSolution
		{2E3A2545-8AC7-4FDD-B88C-CAAA9CF531CA}.Debug|Any CPU.ActiveCfg = Debug|Any CPU
		{2E3A2545-8AC7-4FDD-B88C-CAAA9CF531CA}.Debug|Any CPU.Build.0 = Debug|Any CPU
		{2E3A2545-8AC7-4FDD-B88C-CAAA9CF531CA}.Release|Any CPU.ActiveCfg = Release|Any CPU
		{2E3A2545-8AC7-4FDD-B88C-CAAA9CF531CA}.Release|Any CPU.Build.0 = Release|Any CPU
		{89394DF1-8EFF-44BD-AD52-D539D96A090F}.Debug|Any CPU.ActiveCfg = Debug|Any CPU
		{89394DF1-8EFF-44BD-AD52-D539D96A090F}.Debug|Any CPU.Build.0 = Debug|Any CPU
		{89394DF1-8EFF-44BD-AD52-D539D96A090F}.Release|Any CPU.ActiveCfg = Release|Any CPU
		{89394DF1-8EFF-44BD-AD52-D539D96A090F}.Release|Any CPU.Build.0 = Release|Any CPU
	EndGlobalSection
	GlobalSection(SolutionProperties) = preSolution
		HideSolutionNode = FALSE
	EndGlobalSection
	GlobalSection(ExtensibilityGlobals) = postSolution
		SolutionGuid = {95FC89AB-CA5E-4994-AF09-2730DE741F6C}
	EndGlobalSection
EndGlobal
